// !$*UTF8*$!
{
	archiveVersion = 1;
	classes = {
	};
	objectVersion = 46;
	objects = {

/* Begin PBXBuildFile section */
		850D160D14B3C425006F855F /* MapKit.framework in Frameworks */ = {isa = PBXBuildFile; fileRef = 850D160C14B3C425006F855F /* MapKit.framework */; };
		850D161014B3C42B006F855F /* CoreLocation.framework in Frameworks */ = {isa = PBXBuildFile; fileRef = 850D160F14B3C42B006F855F /* CoreLocation.framework */; };
		8537ED0D14991633006815BD /* PEMProfileViewController.m in Sources */ = {isa = PBXBuildFile; fileRef = 8537ED0C14991633006815BD /* PEMProfileViewController.m */; };
		853BF87914A4F831009A711D /* PEMDataCenter.m in Sources */ = {isa = PBXBuildFile; fileRef = 853BF87814A4F831009A711D /* PEMDataCenter.m */; };
		8541289E14957CAB00B9934D /* UIKit.framework in Frameworks */ = {isa = PBXBuildFile; fileRef = 8541289D14957CAB00B9934D /* UIKit.framework */; };
		854128A014957CAB00B9934D /* Foundation.framework in Frameworks */ = {isa = PBXBuildFile; fileRef = 8541289F14957CAB00B9934D /* Foundation.framework */; };
		854128A214957CAB00B9934D /* CoreGraphics.framework in Frameworks */ = {isa = PBXBuildFile; fileRef = 854128A114957CAB00B9934D /* CoreGraphics.framework */; };
		854128A814957CAB00B9934D /* InfoPlist.strings in Resources */ = {isa = PBXBuildFile; fileRef = 854128A614957CAB00B9934D /* InfoPlist.strings */; };
		854128AA14957CAB00B9934D /* main.m in Sources */ = {isa = PBXBuildFile; fileRef = 854128A914957CAB00B9934D /* main.m */; };
		854128AE14957CAB00B9934D /* PEMAppDelegate.m in Sources */ = {isa = PBXBuildFile; fileRef = 854128AD14957CAB00B9934D /* PEMAppDelegate.m */; };
		854128B414957CAB00B9934D /* PEMTrackingViewController.m in Sources */ = {isa = PBXBuildFile; fileRef = 854128B314957CAB00B9934D /* PEMTrackingViewController.m */; };
		854128B614957CAB00B9934D /* first.png in Resources */ = {isa = PBXBuildFile; fileRef = 854128B514957CAB00B9934D /* first.png */; };
		854128B814957CAB00B9934D /* first@2x.png in Resources */ = {isa = PBXBuildFile; fileRef = 854128B714957CAB00B9934D /* first@2x.png */; };
		854128BB14957CAB00B9934D /* PEMDetailsViewController.m in Sources */ = {isa = PBXBuildFile; fileRef = 854128BA14957CAB00B9934D /* PEMDetailsViewController.m */; };
		854128BD14957CAB00B9934D /* second.png in Resources */ = {isa = PBXBuildFile; fileRef = 854128BC14957CAB00B9934D /* second.png */; };
		854128BF14957CAB00B9934D /* second@2x.png in Resources */ = {isa = PBXBuildFile; fileRef = 854128BE14957CAB00B9934D /* second@2x.png */; };
		854128C614957CBD00B9934D /* CoreData.framework in Frameworks */ = {isa = PBXBuildFile; fileRef = 854128C514957CBD00B9934D /* CoreData.framework */; };
		854128C914957CD400B9934D /* PEM.xcdatamodeld in Sources */ = {isa = PBXBuildFile; fileRef = 854128C714957CD400B9934D /* PEM.xcdatamodeld */; };
		854128D314957EE500B9934D /* PEMLoginViewController.m in Sources */ = {isa = PBXBuildFile; fileRef = 854128D214957EE500B9934D /* PEMLoginViewController.m */; };
		854C9BCE14A0DB3D00859FF1 /* PEMTextFieldSlider.m in Sources */ = {isa = PBXBuildFile; fileRef = 854C9BCD14A0DB3D00859FF1 /* PEMTextFieldSlider.m */; };
		8576CD7B1497A6D600DAC001 /* MainStoryboard.storyboard in Resources */ = {isa = PBXBuildFile; fileRef = 854128AF14957CAB00B9934D /* MainStoryboard.storyboard */; };
		85C096F71496C7F300E7D4D6 /* PEMCreateProfileViewController.m in Sources */ = {isa = PBXBuildFile; fileRef = 85C096F61496C7F300E7D4D6 /* PEMCreateProfileViewController.m */; };
		85E0FA3C149A04E400211038 /* PEMTextFieldValidation.m in Sources */ = {isa = PBXBuildFile; fileRef = 85E0FA3B149A04E400211038 /* PEMTextFieldValidation.m */; };
		85E0FA40149A16C000211038 /* PEMDatabaseQueries.m in Sources */ = {isa = PBXBuildFile; fileRef = 85E0FA3F149A16C000211038 /* PEMDatabaseQueries.m */; };
/* End PBXBuildFile section */

/* Begin PBXFileReference section */
		850D160C14B3C425006F855F /* MapKit.framework */ = {isa = PBXFileReference; lastKnownFileType = wrapper.framework; name = MapKit.framework; path = System/Library/Frameworks/MapKit.framework; sourceTree = SDKROOT; };
		850D160F14B3C42B006F855F /* CoreLocation.framework */ = {isa = PBXFileReference; lastKnownFileType = wrapper.framework; name = CoreLocation.framework; path = System/Library/Frameworks/CoreLocation.framework; sourceTree = SDKROOT; };
		8537ED0B14991633006815BD /* PEMProfileViewController.h */ = {isa = PBXFileReference; fileEncoding = 4; lastKnownFileType = sourcecode.c.h; path = PEMProfileViewController.h; sourceTree = "<group>"; };
		8537ED0C14991633006815BD /* PEMProfileViewController.m */ = {isa = PBXFileReference; fileEncoding = 4; lastKnownFileType = sourcecode.c.objc; path = PEMProfileViewController.m; sourceTree = "<group>"; };
		853BF87714A4F831009A711D /* PEMDataCenter.h */ = {isa = PBXFileReference; fileEncoding = 4; lastKnownFileType = sourcecode.c.h; path = PEMDataCenter.h; sourceTree = "<group>"; };
		853BF87814A4F831009A711D /* PEMDataCenter.m */ = {isa = PBXFileReference; fileEncoding = 4; lastKnownFileType = sourcecode.c.objc; path = PEMDataCenter.m; sourceTree = "<group>"; };
		8541289914957CAB00B9934D /* PEM.app */ = {isa = PBXFileReference; explicitFileType = wrapper.application; includeInIndex = 0; path = PEM.app; sourceTree = BUILT_PRODUCTS_DIR; };
		8541289D14957CAB00B9934D /* UIKit.framework */ = {isa = PBXFileReference; lastKnownFileType = wrapper.framework; name = UIKit.framework; path = System/Library/Frameworks/UIKit.framework; sourceTree = SDKROOT; };
		8541289F14957CAB00B9934D /* Foundation.framework */ = {isa = PBXFileReference; lastKnownFileType = wrapper.framework; name = Foundation.framework; path = System/Library/Frameworks/Foundation.framework; sourceTree = SDKROOT; };
		854128A114957CAB00B9934D /* CoreGraphics.framework */ = {isa = PBXFileReference; lastKnownFileType = wrapper.framework; name = CoreGraphics.framework; path = System/Library/Frameworks/CoreGraphics.framework; sourceTree = SDKROOT; };
		854128A514957CAB00B9934D /* PEM-Info.plist */ = {isa = PBXFileReference; lastKnownFileType = text.plist.xml; path = "PEM-Info.plist"; sourceTree = "<group>"; };
		854128A714957CAB00B9934D /* en */ = {isa = PBXFileReference; lastKnownFileType = text.plist.strings; name = en; path = en.lproj/InfoPlist.strings; sourceTree = "<group>"; };
		854128A914957CAB00B9934D /* main.m */ = {isa = PBXFileReference; lastKnownFileType = sourcecode.c.objc; path = main.m; sourceTree = "<group>"; };
		854128AB14957CAB00B9934D /* PEM-Prefix.pch */ = {isa = PBXFileReference; lastKnownFileType = sourcecode.c.h; path = "PEM-Prefix.pch"; sourceTree = "<group>"; };
		854128AC14957CAB00B9934D /* PEMAppDelegate.h */ = {isa = PBXFileReference; lastKnownFileType = sourcecode.c.h; path = PEMAppDelegate.h; sourceTree = "<group>"; };
		854128AD14957CAB00B9934D /* PEMAppDelegate.m */ = {isa = PBXFileReference; lastKnownFileType = sourcecode.c.objc; path = PEMAppDelegate.m; sourceTree = "<group>"; };
		854128B014957CAB00B9934D /* en */ = {isa = PBXFileReference; lastKnownFileType = file.storyboard; name = en; path = en.lproj/MainStoryboard.storyboard; sourceTree = "<group>"; };
		854128B214957CAB00B9934D /* PEMTrackingViewController.h */ = {isa = PBXFileReference; lastKnownFileType = sourcecode.c.h; path = PEMTrackingViewController.h; sourceTree = "<group>"; };
		854128B314957CAB00B9934D /* PEMTrackingViewController.m */ = {isa = PBXFileReference; lastKnownFileType = sourcecode.c.objc; path = PEMTrackingViewController.m; sourceTree = "<group>"; };
		854128B514957CAB00B9934D /* first.png */ = {isa = PBXFileReference; lastKnownFileType = image.png; path = first.png; sourceTree = "<group>"; };
		854128B714957CAB00B9934D /* first@2x.png */ = {isa = PBXFileReference; lastKnownFileType = image.png; path = "first@2x.png"; sourceTree = "<group>"; };
		854128B914957CAB00B9934D /* PEMDetailsViewController.h */ = {isa = PBXFileReference; lastKnownFileType = sourcecode.c.h; path = PEMDetailsViewController.h; sourceTree = "<group>"; };
		854128BA14957CAB00B9934D /* PEMDetailsViewController.m */ = {isa = PBXFileReference; lastKnownFileType = sourcecode.c.objc; path = PEMDetailsViewController.m; sourceTree = "<group>"; };
		854128BC14957CAB00B9934D /* second.png */ = {isa = PBXFileReference; lastKnownFileType = image.png; path = second.png; sourceTree = "<group>"; };
		854128BE14957CAB00B9934D /* second@2x.png */ = {isa = PBXFileReference; lastKnownFileType = image.png; path = "second@2x.png"; sourceTree = "<group>"; };
		854128C514957CBD00B9934D /* CoreData.framework */ = {isa = PBXFileReference; lastKnownFileType = wrapper.framework; name = CoreData.framework; path = System/Library/Frameworks/CoreData.framework; sourceTree = SDKROOT; };
		854128C814957CD400B9934D /* PEM.xcdatamodel */ = {isa = PBXFileReference; lastKnownFileType = wrapper.xcdatamodel; path = PEM.xcdatamodel; sourceTree = "<group>"; };
		854128D114957EE500B9934D /* PEMLoginViewController.h */ = {isa = PBXFileReference; fileEncoding = 4; lastKnownFileType = sourcecode.c.h; path = PEMLoginViewController.h; sourceTree = "<group>"; };
		854128D214957EE500B9934D /* PEMLoginViewController.m */ = {isa = PBXFileReference; fileEncoding = 4; lastKnownFileType = sourcecode.c.objc; path = PEMLoginViewController.m; sourceTree = "<group>"; };
		854C9BCC14A0DB3C00859FF1 /* PEMTextFieldSlider.h */ = {isa = PBXFileReference; fileEncoding = 4; lastKnownFileType = sourcecode.c.h; path = PEMTextFieldSlider.h; sourceTree = "<group>"; };
		854C9BCD14A0DB3D00859FF1 /* PEMTextFieldSlider.m */ = {isa = PBXFileReference; fileEncoding = 4; lastKnownFileType = sourcecode.c.objc; path = PEMTextFieldSlider.m; sourceTree = "<group>"; };
		85C096F51496C7F300E7D4D6 /* PEMCreateProfileViewController.h */ = {isa = PBXFileReference; fileEncoding = 4; lastKnownFileType = sourcecode.c.h; path = PEMCreateProfileViewController.h; sourceTree = "<group>"; };
		85C096F61496C7F300E7D4D6 /* PEMCreateProfileViewController.m */ = {isa = PBXFileReference; fileEncoding = 4; lastKnownFileType = sourcecode.c.objc; path = PEMCreateProfileViewController.m; sourceTree = "<group>"; };
		85E0FA3A149A04E400211038 /* PEMTextFieldValidation.h */ = {isa = PBXFileReference; fileEncoding = 4; lastKnownFileType = sourcecode.c.h; path = PEMTextFieldValidation.h; sourceTree = "<group>"; };
		85E0FA3B149A04E400211038 /* PEMTextFieldValidation.m */ = {isa = PBXFileReference; fileEncoding = 4; lastKnownFileType = sourcecode.c.objc; path = PEMTextFieldValidation.m; sourceTree = "<group>"; };
		85E0FA3E149A16C000211038 /* PEMDatabaseQueries.h */ = {isa = PBXFileReference; fileEncoding = 4; lastKnownFileType = sourcecode.c.h; path = PEMDatabaseQueries.h; sourceTree = "<group>"; };
		85E0FA3F149A16C000211038 /* PEMDatabaseQueries.m */ = {isa = PBXFileReference; fileEncoding = 4; lastKnownFileType = sourcecode.c.objc; path = PEMDatabaseQueries.m; sourceTree = "<group>"; };
/* End PBXFileReference section */

/* Begin PBXFrameworksBuildPhase section */
		8541289614957CAB00B9934D /* Frameworks */ = {
			isa = PBXFrameworksBuildPhase;
			buildActionMask = 2147483647;
			files = (
				850D161014B3C42B006F855F /* CoreLocation.framework in Frameworks */,
				850D160D14B3C425006F855F /* MapKit.framework in Frameworks */,
				854128C614957CBD00B9934D /* CoreData.framework in Frameworks */,
				8541289E14957CAB00B9934D /* UIKit.framework in Frameworks */,
				854128A014957CAB00B9934D /* Foundation.framework in Frameworks */,
				854128A214957CAB00B9934D /* CoreGraphics.framework in Frameworks */,
			);
			runOnlyForDeploymentPostprocessing = 0;
		};
/* End PBXFrameworksBuildPhase section */

/* Begin PBXGroup section */
		8541288E14957CAB00B9934D = {
			isa = PBXGroup;
			children = (
				854128A314957CAB00B9934D /* PEM */,
				8541289C14957CAB00B9934D /* Frameworks */,
				8541289A14957CAB00B9934D /* Products */,
			);
			sourceTree = "<group>";
		};
		8541289A14957CAB00B9934D /* Products */ = {
			isa = PBXGroup;
			children = (
				8541289914957CAB00B9934D /* PEM.app */,
			);
			name = Products;
			sourceTree = "<group>";
		};
		8541289C14957CAB00B9934D /* Frameworks */ = {
			isa = PBXGroup;
			children = (
				850D160F14B3C42B006F855F /* CoreLocation.framework */,
				850D160C14B3C425006F855F /* MapKit.framework */,
				854128C514957CBD00B9934D /* CoreData.framework */,
				8541289D14957CAB00B9934D /* UIKit.framework */,
				8541289F14957CAB00B9934D /* Foundation.framework */,
				854128A114957CAB00B9934D /* CoreGraphics.framework */,
			);
			name = Frameworks;
			sourceTree = "<group>";
		};
		854128A314957CAB00B9934D /* PEM */ = {
			isa = PBXGroup;
			children = (
				853BF87714A4F831009A711D /* PEMDataCenter.h */,
				853BF87814A4F831009A711D /* PEMDataCenter.m */,
				854C9BCC14A0DB3C00859FF1 /* PEMTextFieldSlider.h */,
				854C9BCD14A0DB3D00859FF1 /* PEMTextFieldSlider.m */,
				85E0FA3E149A16C000211038 /* PEMDatabaseQueries.h */,
				85E0FA3F149A16C000211038 /* PEMDatabaseQueries.m */,
				85E0FA3A149A04E400211038 /* PEMTextFieldValidation.h */,
				85E0FA3B149A04E400211038 /* PEMTextFieldValidation.m */,
				854128AC14957CAB00B9934D /* PEMAppDelegate.h */,
				854128AD14957CAB00B9934D /* PEMAppDelegate.m */,
				854128AF14957CAB00B9934D /* MainStoryboard.storyboard */,
				854C9BD014A10B8100859FF1 /* PEMViews */,
				854128B514957CAB00B9934D /* first.png */,
				854128B714957CAB00B9934D /* first@2x.png */,
				854128BC14957CAB00B9934D /* second.png */,
				854128BE14957CAB00B9934D /* second@2x.png */,
				854128A414957CAB00B9934D /* Supporting Files */,
			);
			path = PEM;
			sourceTree = "<group>";
		};
		854128A414957CAB00B9934D /* Supporting Files */ = {
			isa = PBXGroup;
			children = (
				854128A514957CAB00B9934D /* PEM-Info.plist */,
				854128A614957CAB00B9934D /* InfoPlist.strings */,
				854128A914957CAB00B9934D /* main.m */,
				854128AB14957CAB00B9934D /* PEM-Prefix.pch */,
				854128C714957CD400B9934D /* PEM.xcdatamodeld */,
			);
			name = "Supporting Files";
			sourceTree = "<group>";
		};
		854C9BD014A10B8100859FF1 /* PEMViews */ = {
			isa = PBXGroup;
			children = (
				854128D114957EE500B9934D /* PEMLoginViewController.h */,
				854128D214957EE500B9934D /* PEMLoginViewController.m */,
				85C096F51496C7F300E7D4D6 /* PEMCreateProfileViewController.h */,
				85C096F61496C7F300E7D4D6 /* PEMCreateProfileViewController.m */,
				8537ED0B14991633006815BD /* PEMProfileViewController.h */,
				8537ED0C14991633006815BD /* PEMProfileViewController.m */,
				854128B214957CAB00B9934D /* PEMTrackingViewController.h */,
				854128B314957CAB00B9934D /* PEMTrackingViewController.m */,
				854128B914957CAB00B9934D /* PEMDetailsViewController.h */,
				854128BA14957CAB00B9934D /* PEMDetailsViewController.m */,
			);
			name = PEMViews;
			sourceTree = "<group>";
		};
/* End PBXGroup section */

/* Begin PBXNativeTarget section */
		8541289814957CAB00B9934D /* PEM */ = {
			isa = PBXNativeTarget;
			buildConfigurationList = 854128C214957CAB00B9934D /* Build configuration list for PBXNativeTarget "PEM" */;
			buildPhases = (
				8541289514957CAB00B9934D /* Sources */,
				8541289614957CAB00B9934D /* Frameworks */,
				8541289714957CAB00B9934D /* Resources */,
			);
			buildRules = (
			);
			dependencies = (
			);
			name = PEM;
			productName = PEM;
			productReference = 8541289914957CAB00B9934D /* PEM.app */;
			productType = "com.apple.product-type.application";
		};
/* End PBXNativeTarget section */

/* Begin PBXProject section */
		8541289014957CAB00B9934D /* Project object */ = {
			isa = PBXProject;
			attributes = {
				LastUpgradeCheck = 0420;
			};
			buildConfigurationList = 8541289314957CAB00B9934D /* Build configuration list for PBXProject "PEM" */;
			compatibilityVersion = "Xcode 3.2";
			developmentRegion = English;
			hasScannedForEncodings = 0;
			knownRegions = (
				en,
			);
			mainGroup = 8541288E14957CAB00B9934D;
			productRefGroup = 8541289A14957CAB00B9934D /* Products */;
			projectDirPath = "";
			projectRoot = "";
			targets = (
				8541289814957CAB00B9934D /* PEM */,
			);
		};
/* End PBXProject section */

/* Begin PBXResourcesBuildPhase section */
		8541289714957CAB00B9934D /* Resources */ = {
			isa = PBXResourcesBuildPhase;
			buildActionMask = 2147483647;
			files = (
				854128A814957CAB00B9934D /* InfoPlist.strings in Resources */,
				854128B614957CAB00B9934D /* first.png in Resources */,
				854128B814957CAB00B9934D /* first@2x.png in Resources */,
				854128BD14957CAB00B9934D /* second.png in Resources */,
				854128BF14957CAB00B9934D /* second@2x.png in Resources */,
				8576CD7B1497A6D600DAC001 /* MainStoryboard.storyboard in Resources */,
			);
			runOnlyForDeploymentPostprocessing = 0;
		};
/* End PBXResourcesBuildPhase section */

/* Begin PBXSourcesBuildPhase section */
		8541289514957CAB00B9934D /* Sources */ = {
			isa = PBXSourcesBuildPhase;
			buildActionMask = 2147483647;
			files = (
				854128AA14957CAB00B9934D /* main.m in Sources */,
				854128AE14957CAB00B9934D /* PEMAppDelegate.m in Sources */,
				854128B414957CAB00B9934D /* PEMTrackingViewController.m in Sources */,
				854128BB14957CAB00B9934D /* PEMDetailsViewController.m in Sources */,
				854128C914957CD400B9934D /* PEM.xcdatamodeld in Sources */,
				854128D314957EE500B9934D /* PEMLoginViewController.m in Sources */,
				85C096F71496C7F300E7D4D6 /* PEMCreateProfileViewController.m in Sources */,
				8537ED0D14991633006815BD /* PEMProfileViewController.m in Sources */,
				85E0FA3C149A04E400211038 /* PEMTextFieldValidation.m in Sources */,
				85E0FA40149A16C000211038 /* PEMDatabaseQueries.m in Sources */,
				854C9BCE14A0DB3D00859FF1 /* PEMTextFieldSlider.m in Sources */,
				853BF87914A4F831009A711D /* PEMDataCenter.m in Sources */,
			);
			runOnlyForDeploymentPostprocessing = 0;
		};
/* End PBXSourcesBuildPhase section */

/* Begin PBXVariantGroup section */
		854128A614957CAB00B9934D /* InfoPlist.strings */ = {
			isa = PBXVariantGroup;
			children = (
				854128A714957CAB00B9934D /* en */,
			);
			name = InfoPlist.strings;
			sourceTree = "<group>";
		};
		854128AF14957CAB00B9934D /* MainStoryboard.storyboard */ = {
			isa = PBXVariantGroup;
			children = (
				854128B014957CAB00B9934D /* en */,
			);
			name = MainStoryboard.storyboard;
			sourceTree = "<group>";
		};
/* End PBXVariantGroup section */

/* Begin XCBuildConfiguration section */
		854128C014957CAB00B9934D /* Debug */ = {
			isa = XCBuildConfiguration;
			buildSettings = {
				ALWAYS_SEARCH_USER_PATHS = NO;
				ARCHS = "$(ARCHS_STANDARD_32_BIT)";
				CLANG_ENABLE_OBJC_ARC = YES;
				"CODE_SIGN_IDENTITY[sdk=iphoneos*]" = "iPhone Developer";
				COPY_PHASE_STRIP = NO;
				GCC_C_LANGUAGE_STANDARD = gnu99;
				GCC_DYNAMIC_NO_PIC = NO;
				GCC_OPTIMIZATION_LEVEL = 0;
				GCC_PREPROCESSOR_DEFINITIONS = (
					"DEBUG=1",
					"$(inherited)",
				);
				GCC_SYMBOLS_PRIVATE_EXTERN = NO;
				GCC_VERSION = com.apple.compilers.llvm.clang.1_0;
				GCC_WARN_ABOUT_MISSING_PROTOTYPES = YES;
				GCC_WARN_ABOUT_RETURN_TYPE = YES;
				GCC_WARN_UNUSED_VARIABLE = YES;
				IPHONEOS_DEPLOYMENT_TARGET = 5.0;
				SDKROOT = iphoneos;
			};
			name = Debug;
		};
		854128C114957CAB00B9934D /* Release */ = {
			isa = XCBuildConfiguration;
			buildSettings = {
				ALWAYS_SEARCH_USER_PATHS = NO;
				ARCHS = "$(ARCHS_STANDARD_32_BIT)";
				CLANG_ENABLE_OBJC_ARC = YES;
				"CODE_SIGN_IDENTITY[sdk=iphoneos*]" = "iPhone Developer";
				COPY_PHASE_STRIP = YES;
				GCC_C_LANGUAGE_STANDARD = gnu99;
				GCC_VERSION = com.apple.compilers.llvm.clang.1_0;
				GCC_WARN_ABOUT_MISSING_PROTOTYPES = YES;
				GCC_WARN_ABOUT_RETURN_TYPE = YES;
				GCC_WARN_UNUSED_VARIABLE = YES;
				IPHONEOS_DEPLOYMENT_TARGET = 5.0;
				OTHER_CFLAGS = "-DNS_BLOCK_ASSERTIONS=1";
				SDKROOT = iphoneos;
				VALIDATE_PRODUCT = YES;
			};
			name = Release;
		};
		854128C314957CAB00B9934D /* Debug */ = {
			isa = XCBuildConfiguration;
			buildSettings = {
				GCC_PRECOMPILE_PREFIX_HEADER = YES;
				GCC_PREFIX_HEADER = "PEM/PEM-Prefix.pch";
				INFOPLIST_FILE = "PEM/PEM-Info.plist";
				PRODUCT_NAME = "$(TARGET_NAME)";
				WRAPPER_EXTENSION = app;
			};
			name = Debug;
		};
		854128C414957CAB00B9934D /* Release */ = {
			isa = XCBuildConfiguration;
			buildSettings = {
				GCC_PRECOMPILE_PREFIX_HEADER = YES;
				GCC_PREFIX_HEADER = "PEM/PEM-Prefix.pch";
				INFOPLIST_FILE = "PEM/PEM-Info.plist";
				PRODUCT_NAME = "$(TARGET_NAME)";
				WRAPPER_EXTENSION = app;
			};
			name = Release;
		};
/* End XCBuildConfiguration section */

/* Begin XCConfigurationList section */
		8541289314957CAB00B9934D /* Build configuration list for PBXProject "PEM" */ = {
			isa = XCConfigurationList;
			buildConfigurations = (
				854128C014957CAB00B9934D /* Debug */,
				854128C114957CAB00B9934D /* Release */,
			);
			defaultConfigurationIsVisible = 0;
			defaultConfigurationName = Release;
		};
		854128C214957CAB00B9934D /* Build configuration list for PBXNativeTarget "PEM" */ = {
			isa = XCConfigurationList;
			buildConfigurations = (
				854128C314957CAB00B9934D /* Debug */,
				854128C414957CAB00B9934D /* Release */,
			);
			defaultConfigurationIsVisible = 0;
			defaultConfigurationName = Release;
		};
/* End XCConfigurationList section */

/* Begin XCVersionGroup section */
		854128C714957CD400B9934D /* PEM.xcdatamodeld */ = {
			isa = XCVersionGroup;
			children = (
				854128C814957CD400B9934D /* PEM.xcdatamodel */,
			);
			currentVersion = 854128C814957CD400B9934D /* PEM.xcdatamodel */;
			path = PEM.xcdatamodeld;
			sourceTree = "<group>";
			versionGroupType = wrapper.xcdatamodel;
		};
/* End XCVersionGroup section */
	};
	rootObject = 8541289014957CAB00B9934D /* Project object */;
}
